// !$*UTF8*$!
{
	archiveVersion = 1;
	classes = {
	};
	objectVersion = 56;
	objects = {

/* Begin PBXBuildFile section */
		57848EBA2B931B1E0035AE3E /* DragIconRoundTableDemoAppApp.swift in Sources */ = {isa = PBXBuildFile; fileRef = 57848EB92B931B1E0035AE3E /* DragIconRoundTableDemoAppApp.swift */; };
		57848EBC2B931B1E0035AE3E /* ContentView.swift in Sources */ = {isa = PBXBuildFile; fileRef = 57848EBB2B931B1E0035AE3E /* ContentView.swift */; };
		57848EC02B931B1F0035AE3E /* Assets.xcassets in Resources */ = {isa = PBXBuildFile; fileRef = 57848EBF2B931B1F0035AE3E /* Assets.xcassets */; };
		57848EC32B931B1F0035AE3E /* Preview Assets.xcassets in Resources */ = {isa = PBXBuildFile; fileRef = 57848EC22B931B1F0035AE3E /* Preview Assets.xcassets */; };
		57848ECF2B931B1F0035AE3E /* DragIconRoundTableDemoAppTests.swift in Sources */ = {isa = PBXBuildFile; fileRef = 57848ECE2B931B1F0035AE3E /* DragIconRoundTableDemoAppTests.swift */; };
		57848ED92B931B1F0035AE3E /* DragIconRoundTableDemoAppUITests.swift in Sources */ = {isa = PBXBuildFile; fileRef = 57848ED82B931B1F0035AE3E /* DragIconRoundTableDemoAppUITests.swift */; };
		57848EDB2B931B1F0035AE3E /* DragIconRoundTableDemoAppUITestsLaunchTests.swift in Sources */ = {isa = PBXBuildFile; fileRef = 57848EDA2B931B1F0035AE3E /* DragIconRoundTableDemoAppUITestsLaunchTests.swift */; };
		57848EE82B931C020035AE3E /* MainView.swift in Sources */ = {isa = PBXBuildFile; fileRef = 57848EE72B931C020035AE3E /* MainView.swift */; };
		57848EEA2B931CD50035AE3E /* ContentView2.swift in Sources */ = {isa = PBXBuildFile; fileRef = 57848EE92B931CD50035AE3E /* ContentView2.swift */; };
/* End PBXBuildFile section */

/* Begin PBXContainerItemProxy section */
		57848ECB2B931B1F0035AE3E /* PBXContainerItemProxy */ = {
			isa = PBXContainerItemProxy;
			containerPortal = 57848EAE2B931B1E0035AE3E /* Project object */;
			proxyType = 1;
			remoteGlobalIDString = 57848EB52B931B1E0035AE3E;
			remoteInfo = DragIconRoundTableDemoApp;
		};
		57848ED52B931B1F0035AE3E /* PBXContainerItemProxy */ = {
			isa = PBXContainerItemProxy;
			containerPortal = 57848EAE2B931B1E0035AE3E /* Project object */;
			proxyType = 1;
			remoteGlobalIDString = 57848EB52B931B1E0035AE3E;
			remoteInfo = DragIconRoundTableDemoApp;
		};
/* End PBXContainerItemProxy section */

/* Begin PBXFileReference section */
		57848EB62B931B1E0035AE3E /* DragIconRoundTableDemoApp.app */ = {isa = PBXFileReference; explicitFileType = wrapper.application; includeInIndex = 0; path = DragIconRoundTableDemoApp.app; sourceTree = BUILT_PRODUCTS_DIR; };
		57848EB92B931B1E0035AE3E /* DragIconRoundTableDemoAppApp.swift */ = {isa = PBXFileReference; lastKnownFileType = sourcecode.swift; path = DragIconRoundTableDemoAppApp.swift; sourceTree = "<group>"; };
		57848EBB2B931B1E0035AE3E /* ContentView.swift */ = {isa = PBXFileReference; lastKnownFileType = sourcecode.swift; path = ContentView.swift; sourceTree = "<group>"; };
		57848EBF2B931B1F0035AE3E /* Assets.xcassets */ = {isa = PBXFileReference; lastKnownFileType = folder.assetcatalog; path = Assets.xcassets; sourceTree = "<group>"; };
		57848EC22B931B1F0035AE3E /* Preview Assets.xcassets */ = {isa = PBXFileReference; lastKnownFileType = folder.assetcatalog; path = "Preview Assets.xcassets"; sourceTree = "<group>"; };
		57848EC42B931B1F0035AE3E /* DragIconRoundTableDemoApp.entitlements */ = {isa = PBXFileReference; lastKnownFileType = text.plist.entitlements; path = DragIconRoundTableDemoApp.entitlements; sourceTree = "<group>"; };
		57848EC52B931B1F0035AE3E /* Info.plist */ = {isa = PBXFileReference; lastKnownFileType = text.plist.xml; path = Info.plist; sourceTree = "<group>"; };
		57848ECA2B931B1F0035AE3E /* DragIconRoundTableDemoAppTests.xctest */ = {isa = PBXFileReference; explicitFileType = wrapper.cfbundle; includeInIndex = 0; path = DragIconRoundTableDemoAppTests.xctest; sourceTree = BUILT_PRODUCTS_DIR; };
		57848ECE2B931B1F0035AE3E /* DragIconRoundTableDemoAppTests.swift */ = {isa = PBXFileReference; lastKnownFileType = sourcecode.swift; path = DragIconRoundTableDemoAppTests.swift; sourceTree = "<group>"; };
		57848ED42B931B1F0035AE3E /* DragIconRoundTableDemoAppUITests.xctest */ = {isa = PBXFileReference; explicitFileType = wrapper.cfbundle; includeInIndex = 0; path = DragIconRoundTableDemoAppUITests.xctest; sourceTree = BUILT_PRODUCTS_DIR; };
		57848ED82B931B1F0035AE3E /* DragIconRoundTableDemoAppUITests.swift */ = {isa = PBXFileReference; lastKnownFileType = sourcecode.swift; path = DragIconRoundTableDemoAppUITests.swift; sourceTree = "<group>"; };
		57848EDA2B931B1F0035AE3E /* DragIconRoundTableDemoAppUITestsLaunchTests.swift */ = {isa = PBXFileReference; lastKnownFileType = sourcecode.swift; path = DragIconRoundTableDemoAppUITestsLaunchTests.swift; sourceTree = "<group>"; };
		57848EE72B931C020035AE3E /* MainView.swift */ = {isa = PBXFileReference; lastKnownFileType = sourcecode.swift; path = MainView.swift; sourceTree = "<group>"; };
		57848EE92B931CD50035AE3E /* ContentView2.swift */ = {isa = PBXFileReference; lastKnownFileType = sourcecode.swift; path = ContentView2.swift; sourceTree = "<group>"; };
/* End PBXFileReference section */

/* Begin PBXFrameworksBuildPhase section */
		57848EB32B931B1E0035AE3E /* Frameworks */ = {
			isa = PBXFrameworksBuildPhase;
			buildActionMask = 2147483647;
			files = (
			);
			runOnlyForDeploymentPostprocessing = 0;
		};
		57848EC72B931B1F0035AE3E /* Frameworks */ = {
			isa = PBXFrameworksBuildPhase;
			buildActionMask = 2147483647;
			files = (
			);
			runOnlyForDeploymentPostprocessing = 0;
		};
		57848ED12B931B1F0035AE3E /* Frameworks */ = {
			isa = PBXFrameworksBuildPhase;
			buildActionMask = 2147483647;
			files = (
			);
			runOnlyForDeploymentPostprocessing = 0;
		};
/* End PBXFrameworksBuildPhase section */

/* Begin PBXGroup section */
		57848EAD2B931B1E0035AE3E = {
			isa = PBXGroup;
			children = (
				57848EB82B931B1E0035AE3E /* DragIconRoundTableDemoApp */,
				57848ECD2B931B1F0035AE3E /* DragIconRoundTableDemoAppTests */,
				57848ED72B931B1F0035AE3E /* DragIconRoundTableDemoAppUITests */,
				57848EB72B931B1E0035AE3E /* Products */,
			);
			sourceTree = "<group>";
		};
		57848EB72B931B1E0035AE3E /* Products */ = {
			isa = PBXGroup;
			children = (
				57848EB62B931B1E0035AE3E /* DragIconRoundTableDemoApp.app */,
				57848ECA2B931B1F0035AE3E /* DragIconRoundTableDemoAppTests.xctest */,
				57848ED42B931B1F0035AE3E /* DragIconRoundTableDemoAppUITests.xctest */,
			);
			name = Products;
			sourceTree = "<group>";
		};
		57848EB82B931B1E0035AE3E /* DragIconRoundTableDemoApp */ = {
			isa = PBXGroup;
			children = (
				57848EB92B931B1E0035AE3E /* DragIconRoundTableDemoAppApp.swift */,
				57848EE72B931C020035AE3E /* MainView.swift */,
				57848EBB2B931B1E0035AE3E /* ContentView.swift */,
				57848EE92B931CD50035AE3E /* ContentView2.swift */,
				57848EC22B931B1F0035AE3E /* Preview Assets.xcassets */,
				57848EBF2B931B1F0035AE3E /* Assets.xcassets */,
				57848EC42B931B1F0035AE3E /* DragIconRoundTableDemoApp.entitlements */,
				57848EC52B931B1F0035AE3E /* Info.plist */,
				57848EC12B931B1F0035AE3E /* Preview Content */,
			);
			path = DragIconRoundTableDemoApp;
			sourceTree = "<group>";
		};
		57848EC12B931B1F0035AE3E /* Preview Content */ = {
			isa = PBXGroup;
			children = (
			);
			path = "Preview Content";
			sourceTree = "<group>";
		};
		57848ECD2B931B1F0035AE3E /* DragIconRoundTableDemoAppTests */ = {
			isa = PBXGroup;
			children = (
				57848ECE2B931B1F0035AE3E /* DragIconRoundTableDemoAppTests.swift */,
			);
			path = DragIconRoundTableDemoAppTests;
			sourceTree = "<group>";
		};
		57848ED72B931B1F0035AE3E /* DragIconRoundTableDemoAppUITests */ = {
			isa = PBXGroup;
			children = (
				57848ED82B931B1F0035AE3E /* DragIconRoundTableDemoAppUITests.swift */,
				57848EDA2B931B1F0035AE3E /* DragIconRoundTableDemoAppUITestsLaunchTests.swift */,
			);
			path = DragIconRoundTableDemoAppUITests;
			sourceTree = "<group>";
		};
/* End PBXGroup section */

/* Begin PBXNativeTarget section */
		57848EB52B931B1E0035AE3E /* DragIconRoundTableDemoApp */ = {
			isa = PBXNativeTarget;
			buildConfigurationList = 57848EDE2B931B1F0035AE3E /* Build configuration list for PBXNativeTarget "DragIconRoundTableDemoApp" */;
			buildPhases = (
				57848EB22B931B1E0035AE3E /* Sources */,
				57848EB32B931B1E0035AE3E /* Frameworks */,
				57848EB42B931B1E0035AE3E /* Resources */,
			);
			buildRules = (
			);
			dependencies = (
			);
			name = DragIconRoundTableDemoApp;
			productName = DragIconRoundTableDemoApp;
			productReference = 57848EB62B931B1E0035AE3E /* DragIconRoundTableDemoApp.app */;
			productType = "com.apple.product-type.application";
		};
		57848EC92B931B1F0035AE3E /* DragIconRoundTableDemoAppTests */ = {
			isa = PBXNativeTarget;
			buildConfigurationList = 57848EE12B931B1F0035AE3E /* Build configuration list for PBXNativeTarget "DragIconRoundTableDemoAppTests" */;
			buildPhases = (
				57848EC62B931B1F0035AE3E /* Sources */,
				57848EC72B931B1F0035AE3E /* Frameworks */,
				57848EC82B931B1F0035AE3E /* Resources */,
			);
			buildRules = (
			);
			dependencies = (
				57848ECC2B931B1F0035AE3E /* PBXTargetDependency */,
			);
			name = DragIconRoundTableDemoAppTests;
			productName = DragIconRoundTableDemoAppTests;
			productReference = 57848ECA2B931B1F0035AE3E /* DragIconRoundTableDemoAppTests.xctest */;
			productType = "com.apple.product-type.bundle.unit-test";
		};
		57848ED32B931B1F0035AE3E /* DragIconRoundTableDemoAppUITests */ = {
			isa = PBXNativeTarget;
			buildConfigurationList = 57848EE42B931B1F0035AE3E /* Build configuration list for PBXNativeTarget "DragIconRoundTableDemoAppUITests" */;
			buildPhases = (
				57848ED02B931B1F0035AE3E /* Sources */,
				57848ED12B931B1F0035AE3E /* Frameworks */,
				57848ED22B931B1F0035AE3E /* Resources */,
			);
			buildRules = (
			);
			dependencies = (
				57848ED62B931B1F0035AE3E /* PBXTargetDependency */,
			);
			name = DragIconRoundTableDemoAppUITests;
			productName = DragIconRoundTableDemoAppUITests;
			productReference = 57848ED42B931B1F0035AE3E /* DragIconRoundTableDemoAppUITests.xctest */;
			productType = "com.apple.product-type.bundle.ui-testing";
		};
/* End PBXNativeTarget section */

/* Begin PBXProject section */
		57848EAE2B931B1E0035AE3E /* Project object */ = {
			isa = PBXProject;
			attributes = {
				BuildIndependentTargetsInParallel = 1;
				LastSwiftUpdateCheck = 1520;
				LastUpgradeCheck = 1520;
				TargetAttributes = {
					57848EB52B931B1E0035AE3E = {
						CreatedOnToolsVersion = 15.2;
					};
					57848EC92B931B1F0035AE3E = {
						CreatedOnToolsVersion = 15.2;
						TestTargetID = 57848EB52B931B1E0035AE3E;
					};
					57848ED32B931B1F0035AE3E = {
						CreatedOnToolsVersion = 15.2;
						TestTargetID = 57848EB52B931B1E0035AE3E;
					};
				};
			};
			buildConfigurationList = 57848EB12B931B1E0035AE3E /* Build configuration list for PBXProject "DragIconRoundTableDemoApp" */;
			compatibilityVersion = "Xcode 14.0";
			developmentRegion = en;
			hasScannedForEncodings = 0;
			knownRegions = (
				en,
				Base,
			);
			mainGroup = 57848EAD2B931B1E0035AE3E;
			productRefGroup = 57848EB72B931B1E0035AE3E /* Products */;
			projectDirPath = "";
			projectRoot = "";
			targets = (
				57848EB52B931B1E0035AE3E /* DragIconRoundTableDemoApp */,
				57848EC92B931B1F0035AE3E /* DragIconRoundTableDemoAppTests */,
				57848ED32B931B1F0035AE3E /* DragIconRoundTableDemoAppUITests */,
			);
		};
/* End PBXProject section */

/* Begin PBXResourcesBuildPhase section */
		57848EB42B931B1E0035AE3E /* Resources */ = {
			isa = PBXResourcesBuildPhase;
			buildActionMask = 2147483647;
			files = (
				57848EC32B931B1F0035AE3E /* Preview Assets.xcassets in Resources */,
				57848EC02B931B1F0035AE3E /* Assets.xcassets in Resources */,
			);
			runOnlyForDeploymentPostprocessing = 0;
		};
		57848EC82B931B1F0035AE3E /* Resources */ = {
			isa = PBXResourcesBuildPhase;
			buildActionMask = 2147483647;
			files = (
			);
			runOnlyForDeploymentPostprocessing = 0;
		};
		57848ED22B931B1F0035AE3E /* Resources */ = {
			isa = PBXResourcesBuildPhase;
			buildActionMask = 2147483647;
			files = (
			);
			runOnlyForDeploymentPostprocessing = 0;
		};
/* End PBXResourcesBuildPhase section */

/* Begin PBXSourcesBuildPhase section */
		57848EB22B931B1E0035AE3E /* Sources */ = {
			isa = PBXSourcesBuildPhase;
			buildActionMask = 2147483647;
			files = (
				57848EEA2B931CD50035AE3E /* ContentView2.swift in Sources */,
				57848EBC2B931B1E0035AE3E /* ContentView.swift in Sources */,
				57848EE82B931C020035AE3E /* MainView.swift in Sources */,
				57848EBA2B931B1E0035AE3E /* DragIconRoundTableDemoAppApp.swift in Sources */,
			);
			runOnlyForDeploymentPostprocessing = 0;
		};
		57848EC62B931B1F0035AE3E /* Sources */ = {
			isa = PBXSourcesBuildPhase;
			buildActionMask = 2147483647;
			files = (
				57848ECF2B931B1F0035AE3E /* DragIconRoundTableDemoAppTests.swift in Sources */,
			);
			runOnlyForDeploymentPostprocessing = 0;
		};
		57848ED02B931B1F0035AE3E /* Sources */ = {
			isa = PBXSourcesBuildPhase;
			buildActionMask = 2147483647;
			files = (
				57848EDB2B931B1F0035AE3E /* DragIconRoundTableDemoAppUITestsLaunchTests.swift in Sources */,
				57848ED92B931B1F0035AE3E /* DragIconRoundTableDemoAppUITests.swift in Sources */,
			);
			runOnlyForDeploymentPostprocessing = 0;
		};
/* End PBXSourcesBuildPhase section */

/* Begin PBXTargetDependency section */
		57848ECC2B931B1F0035AE3E /* PBXTargetDependency */ = {
			isa = PBXTargetDependency;
			target = 57848EB52B931B1E0035AE3E /* DragIconRoundTableDemoApp */;
			targetProxy = 57848ECB2B931B1F0035AE3E /* PBXContainerItemProxy */;
		};
		57848ED62B931B1F0035AE3E /* PBXTargetDependency */ = {
			isa = PBXTargetDependency;
			target = 57848EB52B931B1E0035AE3E /* DragIconRoundTableDemoApp */;
			targetProxy = 57848ED52B931B1F0035AE3E /* PBXContainerItemProxy */;
		};
/* End PBXTargetDependency section */

/* Begin XCBuildConfiguration section */
		57848EDC2B931B1F0035AE3E /* Debug */ = {
			isa = XCBuildConfiguration;
			buildSettings = {
				ALWAYS_SEARCH_USER_PATHS = NO;
				ASSETCATALOG_COMPILER_GENERATE_SWIFT_ASSET_SYMBOL_EXTENSIONS = YES;
				CLANG_ANALYZER_NONNULL = YES;
				CLANG_ANALYZER_NUMBER_OBJECT_CONVERSION = YES_AGGRESSIVE;
				CLANG_CXX_LANGUAGE_STANDARD = "gnu++20";
				CLANG_ENABLE_MODULES = YES;
				CLANG_ENABLE_OBJC_ARC = YES;
				CLANG_ENABLE_OBJC_WEAK = YES;
				CLANG_WARN_BLOCK_CAPTURE_AUTORELEASING = YES;
				CLANG_WARN_BOOL_CONVERSION = YES;
				CLANG_WARN_COMMA = YES;
				CLANG_WARN_CONSTANT_CONVERSION = YES;
				CLANG_WARN_DEPRECATED_OBJC_IMPLEMENTATIONS = YES;
				CLANG_WARN_DIRECT_OBJC_ISA_USAGE = YES_ERROR;
				CLANG_WARN_DOCUMENTATION_COMMENTS = YES;
				CLANG_WARN_EMPTY_BODY = YES;
				CLANG_WARN_ENUM_CONVERSION = YES;
				CLANG_WARN_INFINITE_RECURSION = YES;
				CLANG_WARN_INT_CONVERSION = YES;
				CLANG_WARN_NON_LITERAL_NULL_CONVERSION = YES;
				CLANG_WARN_OBJC_IMPLICIT_RETAIN_SELF = YES;
				CLANG_WARN_OBJC_LITERAL_CONVERSION = YES;
				CLANG_WARN_OBJC_ROOT_CLASS = YES_ERROR;
				CLANG_WARN_QUOTED_INCLUDE_IN_FRAMEWORK_HEADER = YES;
				CLANG_WARN_RANGE_LOOP_ANALYSIS = YES;
				CLANG_WARN_STRICT_PROTOTYPES = YES;
				CLANG_WARN_SUSPICIOUS_MOVE = YES;
				CLANG_WARN_UNGUARDED_AVAILABILITY = YES_AGGRESSIVE;
				CLANG_WARN_UNREACHABLE_CODE = YES;
				CLANG_WARN__DUPLICATE_METHOD_MATCH = YES;
				COPY_PHASE_STRIP = NO;
				DEBUG_INFORMATION_FORMAT = dwarf;
				ENABLE_STRICT_OBJC_MSGSEND = YES;
				ENABLE_TESTABILITY = YES;
				ENABLE_USER_SCRIPT_SANDBOXING = YES;
				GCC_C_LANGUAGE_STANDARD = gnu17;
				GCC_DYNAMIC_NO_PIC = NO;
				GCC_NO_COMMON_BLOCKS = YES;
				GCC_OPTIMIZATION_LEVEL = 0;
				GCC_PREPROCESSOR_DEFINITIONS = (
					"DEBUG=1",
					"$(inherited)",
				);
				GCC_WARN_64_TO_32_BIT_CONVERSION = YES;
				GCC_WARN_ABOUT_RETURN_TYPE = YES_ERROR;
				GCC_WARN_UNDECLARED_SELECTOR = YES;
				GCC_WARN_UNINITIALIZED_AUTOS = YES_AGGRESSIVE;
				GCC_WARN_UNUSED_FUNCTION = YES;
				GCC_WARN_UNUSED_VARIABLE = YES;
				IPHONEOS_DEPLOYMENT_TARGET = 17.2;
				LOCALIZATION_PREFERS_STRING_CATALOGS = YES;
				MTL_ENABLE_DEBUG_INFO = INCLUDE_SOURCE;
				MTL_FAST_MATH = YES;
				ONLY_ACTIVE_ARCH = YES;
				SDKROOT = iphoneos;
				SWIFT_ACTIVE_COMPILATION_CONDITIONS = "DEBUG $(inherited)";
				SWIFT_OPTIMIZATION_LEVEL = "-Onone";
			};
			name = Debug;
		};
		57848EDD2B931B1F0035AE3E /* Release */ = {
			isa = XCBuildConfiguration;
			buildSettings = {
				ALWAYS_SEARCH_USER_PATHS = NO;
				ASSETCATALOG_COMPILER_GENERATE_SWIFT_ASSET_SYMBOL_EXTENSIONS = YES;
				CLANG_ANALYZER_NONNULL = YES;
				CLANG_ANALYZER_NUMBER_OBJECT_CONVERSION = YES_AGGRESSIVE;
				CLANG_CXX_LANGUAGE_STANDARD = "gnu++20";
				CLANG_ENABLE_MODULES = YES;
				CLANG_ENABLE_OBJC_ARC = YES;
				CLANG_ENABLE_OBJC_WEAK = YES;
				CLANG_WARN_BLOCK_CAPTURE_AUTORELEASING = YES;
				CLANG_WARN_BOOL_CONVERSION = YES;
				CLANG_WARN_COMMA = YES;
				CLANG_WARN_CONSTANT_CONVERSION = YES;
				CLANG_WARN_DEPRECATED_OBJC_IMPLEMENTATIONS = YES;
				CLANG_WARN_DIRECT_OBJC_ISA_USAGE = YES_ERROR;
				CLANG_WARN_DOCUMENTATION_COMMENTS = YES;
				CLANG_WARN_EMPTY_BODY = YES;
				CLANG_WARN_ENUM_CONVERSION = YES;
				CLANG_WARN_INFINITE_RECURSION = YES;
				CLANG_WARN_INT_CONVERSION = YES;
				CLANG_WARN_NON_LITERAL_NULL_CONVERSION = YES;
				CLANG_WARN_OBJC_IMPLICIT_RETAIN_SELF = YES;
				CLANG_WARN_OBJC_LITERAL_CONVERSION = YES;
				CLANG_WARN_OBJC_ROOT_CLASS = YES_ERROR;
				CLANG_WARN_QUOTED_INCLUDE_IN_FRAMEWORK_HEADER = YES;
				CLANG_WARN_RANGE_LOOP_ANALYSIS = YES;
				CLANG_WARN_STRICT_PROTOTYPES = YES;
				CLANG_WARN_SUSPICIOUS_MOVE = YES;
				CLANG_WARN_UNGUARDED_AVAILABILITY = YES_AGGRESSIVE;
				CLANG_WARN_UNREACHABLE_CODE = YES;
				CLANG_WARN__DUPLICATE_METHOD_MATCH = YES;
				COPY_PHASE_STRIP = NO;
				DEBUG_INFORMATION_FORMAT = "dwarf-with-dsym";
				ENABLE_NS_ASSERTIONS = NO;
				ENABLE_STRICT_OBJC_MSGSEND = YES;
				ENABLE_USER_SCRIPT_SANDBOXING = YES;
				GCC_C_LANGUAGE_STANDARD = gnu17;
				GCC_NO_COMMON_BLOCKS = YES;
				GCC_WARN_64_TO_32_BIT_CONVERSION = YES;
				GCC_WARN_ABOUT_RETURN_TYPE = YES_ERROR;
				GCC_WARN_UNDECLARED_SELECTOR = YES;
				GCC_WARN_UNINITIALIZED_AUTOS = YES_AGGRESSIVE;
				GCC_WARN_UNUSED_FUNCTION = YES;
				GCC_WARN_UNUSED_VARIABLE = YES;
				IPHONEOS_DEPLOYMENT_TARGET = 17.2;
				LOCALIZATION_PREFERS_STRING_CATALOGS = YES;
				MTL_ENABLE_DEBUG_INFO = NO;
				MTL_FAST_MATH = YES;
				SDKROOT = iphoneos;
				SWIFT_COMPILATION_MODE = wholemodule;
				VALIDATE_PRODUCT = YES;
			};
			name = Release;
		};
		57848EDF2B931B1F0035AE3E /* Debug */ = {
			isa = XCBuildConfiguration;
			buildSettings = {
				ASSETCATALOG_COMPILER_APPICON_NAME = AppIcon;
				ASSETCATALOG_COMPILER_GLOBAL_ACCENT_COLOR_NAME = AccentColor;
				CODE_SIGN_ENTITLEMENTS = DragIconRoundTableDemoApp/DragIconRoundTableDemoApp.entitlements;
				CODE_SIGN_STYLE = Automatic;
				CURRENT_PROJECT_VERSION = 1;
				DEVELOPMENT_ASSET_PATHS = "\"DragIconRoundTableDemoApp/Preview Content\"";
				DEVELOPMENT_TEAM = B9WD868NNN;
				ENABLE_PREVIEWS = YES;
				GENERATE_INFOPLIST_FILE = YES;
				INFOPLIST_FILE = DragIconRoundTableDemoApp/Info.plist;
				INFOPLIST_KEY_UIApplicationSceneManifest_Generation = YES;
				INFOPLIST_KEY_UIApplicationSupportsIndirectInputEvents = YES;
				INFOPLIST_KEY_UILaunchScreen_Generation = YES;
				INFOPLIST_KEY_UISupportedInterfaceOrientations_iPad = "UIInterfaceOrientationPortrait UIInterfaceOrientationPortraitUpsideDown UIInterfaceOrientationLandscapeLeft UIInterfaceOrientationLandscapeRight";
				INFOPLIST_KEY_UISupportedInterfaceOrientations_iPhone = "UIInterfaceOrientationPortrait UIInterfaceOrientationLandscapeLeft UIInterfaceOrientationLandscapeRight";
				LD_RUNPATH_SEARCH_PATHS = (
					"$(inherited)",
					"@executable_path/Frameworks",
				);
				MARKETING_VERSION = 1.0;
				PRODUCT_BUNDLE_IDENTIFIER = emiri.DragIconRoundTableDemoApp;
				PRODUCT_NAME = "$(TARGET_NAME)";
				SWIFT_EMIT_LOC_STRINGS = YES;
				SWIFT_VERSION = 5.0;
				TARGETED_DEVICE_FAMILY = "1,2";
			};
			name = Debug;
		};
		57848EE02B931B1F0035AE3E /* Release */ = {
			isa = XCBuildConfiguration;
			buildSettings = {
				ASSETCATALOG_COMPILER_APPICON_NAME = AppIcon;
				ASSETCATALOG_COMPILER_GLOBAL_ACCENT_COLOR_NAME = AccentColor;
				CODE_SIGN_ENTITLEMENTS = DragIconRoundTableDemoApp/DragIconRoundTableDemoApp.entitlements;
				CODE_SIGN_STYLE = Automatic;
				CURRENT_PROJECT_VERSION = 1;
				DEVELOPMENT_ASSET_PATHS = "\"DragIconRoundTableDemoApp/Preview Content\"";
				DEVELOPMENT_TEAM = B9WD868NNN;
				ENABLE_PREVIEWS = YES;
				GENERATE_INFOPLIST_FILE = YES;
				INFOPLIST_FILE = DragIconRoundTableDemoApp/Info.plist;
				INFOPLIST_KEY_UIApplicationSceneManifest_Generation = YES;
				INFOPLIST_KEY_UIApplicationSupportsIndirectInputEvents = YES;
				INFOPLIST_KEY_UILaunchScreen_Generation = YES;
				INFOPLIST_KEY_UISupportedInterfaceOrientations_iPad = "UIInterfaceOrientationPortrait UIInterfaceOrientationPortraitUpsideDown UIInterfaceOrientationLandscapeLeft UIInterfaceOrientationLandscapeRight";
				INFOPLIST_KEY_UISupportedInterfaceOrientations_iPhone = "UIInterfaceOrientationPortrait UIInterfaceOrientationLandscapeLeft UIInterfaceOrientationLandscapeRight";
				LD_RUNPATH_SEARCH_PATHS = (
					"$(inherited)",
					"@executable_path/Frameworks",
				);
				MARKETING_VERSION = 1.0;
				PRODUCT_BUNDLE_IDENTIFIER = emiri.DragIconRoundTableDemoApp;
				PRODUCT_NAME = "$(TARGET_NAME)";
				SWIFT_EMIT_LOC_STRINGS = YES;
				SWIFT_VERSION = 5.0;
				TARGETED_DEVICE_FAMILY = "1,2";
			};
			name = Release;
		};
		57848EE22B931B1F0035AE3E /* Debug */ = {
			isa = XCBuildConfiguration;
			buildSettings = {
				ALWAYS_EMBED_SWIFT_STANDARD_LIBRARIES = YES;
				BUNDLE_LOADER = "$(TEST_HOST)";
				CODE_SIGN_STYLE = Automatic;
				CURRENT_PROJECT_VERSION = 1;
				DEVELOPMENT_TEAM = B9WD868NNN;
				GENERATE_INFOPLIST_FILE = YES;
				IPHONEOS_DEPLOYMENT_TARGET = 17.2;
				MARKETING_VERSION = 1.0;
				PRODUCT_BUNDLE_IDENTIFIER = emiri.DragIconRoundTableDemoAppTests;
				PRODUCT_NAME = "$(TARGET_NAME)";
				SWIFT_EMIT_LOC_STRINGS = NO;
				SWIFT_VERSION = 5.0;
				TARGETED_DEVICE_FAMILY = "1,2";
				TEST_HOST = "$(BUILT_PRODUCTS_DIR)/DragIconRoundTableDemoApp.app/$(BUNDLE_EXECUTABLE_FOLDER_PATH)/DragIconRoundTableDemoApp";
			};
			name = Debug;
		};
		57848EE32B931B1F0035AE3E /* Release */ = {
			isa = XCBuildConfiguration;
			buildSettings = {
				ALWAYS_EMBED_SWIFT_STANDARD_LIBRARIES = YES;
				BUNDLE_LOADER = "$(TEST_HOST)";
				CODE_SIGN_STYLE = Automatic;
				CURRENT_PROJECT_VERSION = 1;
				DEVELOPMENT_TEAM = B9WD868NNN;
				GENERATE_INFOPLIST_FILE = YES;
				IPHONEOS_DEPLOYMENT_TARGET = 17.2;
				MARKETING_VERSION = 1.0;
				PRODUCT_BUNDLE_IDENTIFIER = emiri.DragIconRoundTableDemoAppTests;
				PRODUCT_NAME = "$(TARGET_NAME)";
				SWIFT_EMIT_LOC_STRINGS = NO;
				SWIFT_VERSION = 5.0;
				TARGETED_DEVICE_FAMILY = "1,2";
				TEST_HOST = "$(BUILT_PRODUCTS_DIR)/DragIconRoundTableDemoApp.app/$(BUNDLE_EXECUTABLE_FOLDER_PATH)/DragIconRoundTableDemoApp";
			};
			name = Release;
		};
		57848EE52B931B1F0035AE3E /* Debug */ = {
			isa = XCBuildConfiguration;
			buildSettings = {
				ALWAYS_EMBED_SWIFT_STANDARD_LIBRARIES = YES;
				CODE_SIGN_STYLE = Automatic;
				CURRENT_PROJECT_VERSION = 1;
				DEVELOPMENT_TEAM = B9WD868NNN;
				GENERATE_INFOPLIST_FILE = YES;
				MARKETING_VERSION = 1.0;
				PRODUCT_BUNDLE_IDENTIFIER = emiri.DragIconRoundTableDemoAppUITests;
				PRODUCT_NAME = "$(TARGET_NAME)";
				SWIFT_EMIT_LOC_STRINGS = NO;
				SWIFT_VERSION = 5.0;
				TARGETED_DEVICE_FAMILY = "1,2";
				TEST_TARGET_NAME = DragIconRoundTableDemoApp;
			};
			name = Debug;
		};
		57848EE62B931B1F0035AE3E /* Release */ = {
			isa = XCBuildConfiguration;
			buildSettings = {
				ALWAYS_EMBED_SWIFT_STANDARD_LIBRARIES = YES;
				CODE_SIGN_STYLE = Automatic;
				CURRENT_PROJECT_VERSION = 1;
				DEVELOPMENT_TEAM = B9WD868NNN;
				GENERATE_INFOPLIST_FILE = YES;
				MARKETING_VERSION = 1.0;
				PRODUCT_BUNDLE_IDENTIFIER = emiri.DragIconRoundTableDemoAppUITests;
				PRODUCT_NAME = "$(TARGET_NAME)";
				SWIFT_EMIT_LOC_STRINGS = NO;
				SWIFT_VERSION = 5.0;
				TARGETED_DEVICE_FAMILY = "1,2";
				TEST_TARGET_NAME = DragIconRoundTableDemoApp;
			};
			name = Release;
		};
/* End XCBuildConfiguration section */

/* Begin XCConfigurationList section */
		57848EB12B931B1E0035AE3E /* Build configuration list for PBXProject "DragIconRoundTableDemoApp" */ = {
			isa = XCConfigurationList;
			buildConfigurations = (
				57848EDC2B931B1F0035AE3E /* Debug */,
				57848EDD2B931B1F0035AE3E /* Release */,
			);
			defaultConfigurationIsVisible = 0;
			defaultConfigurationName = Release;
		};
		57848EDE2B931B1F0035AE3E /* Build configuration list for PBXNativeTarget "DragIconRoundTableDemoApp" */ = {
			isa = XCConfigurationList;
			buildConfigurations = (
				57848EDF2B931B1F0035AE3E /* Debug */,
				57848EE02B931B1F0035AE3E /* Release */,
			);
			defaultConfigurationIsVisible = 0;
			defaultConfigurationName = Release;
		};
		57848EE12B931B1F0035AE3E /* Build configuration list for PBXNativeTarget "DragIconRoundTableDemoAppTests" */ = {
			isa = XCConfigurationList;
			buildConfigurations = (
				57848EE22B931B1F0035AE3E /* Debug */,
				57848EE32B931B1F0035AE3E /* Release */,
			);
			defaultConfigurationIsVisible = 0;
			defaultConfigurationName = Release;
		};
		57848EE42B931B1F0035AE3E /* Build configuration list for PBXNativeTarget "DragIconRoundTableDemoAppUITests" */ = {
			isa = XCConfigurationList;
			buildConfigurations = (
				57848EE52B931B1F0035AE3E /* Debug */,
				57848EE62B931B1F0035AE3E /* Release */,
			);
			defaultConfigurationIsVisible = 0;
			defaultConfigurationName = Release;
		};
/* End XCConfigurationList section */
	};
	rootObject = 57848EAE2B931B1E0035AE3E /* Project object */;
}
